
Microsoft Visual Studio Solution File, Format Version 12.00
# Visual Studio Version 17
VisualStudioVersion = 17.10.35013.160
MinimumVisualStudioVersion = 10.0.40219.1
Project("{FAE04EC0-301F-11D3-BF4B-00C04F79EFBC}") = "MessengerPrivate.Api", "MessengerPrivate.Api\MessengerPrivate.Api.csproj", "{54B46436-5283-4C5F-A78C-0A8B8980C26C}"
EndProject
Global
	GlobalSection(SolutionConfigurationPlatforms) = preSolution
		Debug|Any CPU = Debug|Any CPU
		Release|Any CPU = Release|Any CPU
	EndGlobalSection
	GlobalSection(ProjectConfigurationPlatforms) = postSolution
		{54B46436-5283-4C5F-A78C-0A8B8980C26C}.Debug|Any CPU.ActiveCfg = Debug|Any CPU
		{54B46436-5283-4C5F-A78C-0A8B8980C26C}.Debug|Any CPU.Build.0 = Debug|Any CPU
		{54B46436-5283-4C5F-A78C-0A8B8980C26C}.Release|Any CPU.ActiveCfg = Release|Any CPU
		{54B46436-5283-4C5F-A78C-0A8B8980C26C}.Release|Any CPU.Build.0 = Release|Any CPU
	EndGlobalSection
	GlobalSection(SolutionProperties) = preSolution
		HideSolutionNode = FALSE
	EndGlobalSection
	GlobalSection(ExtensibilityGlobals) = postSolution
		SolutionGuid = {A1DAB153-7C90-4DFB-8AA7-F37C3368A245}
	EndGlobalSection
EndGlobal
